hash: abbbff36cdc298a606b20d450385d35955fd1cb83680389e92301015fb83b782
updated: 2017-02-05T13:00:19.448264207-07:00
imports:
- name: github.com/op/go-logging
  version: 970db520ece77730c7e4724c61121037378659d9
- name: github.com/sassoftware/go-rpmutils
  version: 95f7d12b6fa9b166d98f9b926101d1e2d1e4353d
  subpackages:
  - cpio
  - fileutil
- name: golang.org/x/crypto
  version: bed12803fa9663d7aa2c2346b0c634ad2dcd43b7
  subpackages:
  - cast5
  - openpgp
  - openpgp/armor
  - openpgp/elgamal
  - openpgp/errors
  - openpgp/packet
  - openpgp/s2k
- name: xi2.org/x/xz
  version: 19aeb13c4e7cb6bd3188dfede73840f33455425a
testImports: []
